
Microsoft Visual Studio Solution File, Format Version 12.00
# Visual Studio Version 16
VisualStudioVersion = 16.0.30204.135
MinimumVisualStudioVersion = 15.0.26124.0
Project("{9A19103F-16F7-4668-BE54-9A1E7A4F7556}") = "Backend.Api", "Backend.Api\Backend.Api.csproj", "{89F97A9A-2688-46BB-BA68-46B831A420CD}"
EndProject
Project("{FAE04EC0-301F-11D3-BF4B-00C04F79EFBC}") = "Backend.Core", "Backend.Core\Backend.Core.csproj", "{D1E37FA1-7B93-481D-91EE-03A19DE5F94A}"
EndProject
Project("{FAE04EC0-301F-11D3-BF4B-00C04F79EFBC}") = "Backend.Data", "Backend.Data\Backend.Data.csproj", "{500A5D8F-9C6D-474B-9C4F-2D4E2D9F72C8}"
EndProject
Project("{FAE04EC0-301F-11D3-BF4B-00C04F79EFBC}") = "Backend.Application", "Backend.Application\Backend.Application.csproj", "{6498B3BB-1906-45CA-BB3C-CBF3FED55A6B}"
EndProject
Global
	GlobalSection(SolutionConfigurationPlatforms) = preSolution
		Debug|Any CPU = Debug|Any CPU
		Debug|x64 = Debug|x64
		Debug|x86 = Debug|x86
		Release|Any CPU = Release|Any CPU
		Release|x64 = Release|x64
		Release|x86 = Release|x86
	EndGlobalSection
	GlobalSection(ProjectConfigurationPlatforms) = postSolution
		{89F97A9A-2688-46BB-BA68-46B831A420CD}.Debug|Any CPU.ActiveCfg = Debug|Any CPU
		{89F97A9A-2688-46BB-BA68-46B831A420CD}.Debug|Any CPU.Build.0 = Debug|Any CPU
		{89F97A9A-2688-46BB-BA68-46B831A420CD}.Debug|x64.ActiveCfg = Debug|Any CPU
		{89F97A9A-2688-46BB-BA68-46B831A420CD}.Debug|x64.Build.0 = Debug|Any CPU
		{89F97A9A-2688-46BB-BA68-46B831A420CD}.Debug|x86.ActiveCfg = Debug|Any CPU
		{89F97A9A-2688-46BB-BA68-46B831A420CD}.Debug|x86.Build.0 = Debug|Any CPU
		{89F97A9A-2688-46BB-BA68-46B831A420CD}.Release|Any CPU.ActiveCfg = Release|Any CPU
		{89F97A9A-2688-46BB-BA68-46B831A420CD}.Release|Any CPU.Build.0 = Release|Any CPU
		{89F97A9A-2688-46BB-BA68-46B831A420CD}.Release|x64.ActiveCfg = Release|Any CPU
		{89F97A9A-2688-46BB-BA68-46B831A420CD}.Release|x64.Build.0 = Release|Any CPU
		{89F97A9A-2688-46BB-BA68-46B831A420CD}.Release|x86.ActiveCfg = Release|Any CPU
		{89F97A9A-2688-46BB-BA68-46B831A420CD}.Release|x86.Build.0 = Release|Any CPU
		{D1E37FA1-7B93-481D-91EE-03A19DE5F94A}.Debug|Any CPU.ActiveCfg = Debug|Any CPU
		{D1E37FA1-7B93-481D-91EE-03A19DE5F94A}.Debug|Any CPU.Build.0 = Debug|Any CPU
		{D1E37FA1-7B93-481D-91EE-03A19DE5F94A}.Debug|x64.ActiveCfg = Debug|Any CPU
		{D1E37FA1-7B93-481D-91EE-03A19DE5F94A}.Debug|x64.Build.0 = Debug|Any CPU
		{D1E37FA1-7B93-481D-91EE-03A19DE5F94A}.Debug|x86.ActiveCfg = Debug|Any CPU
		{D1E37FA1-7B93-481D-91EE-03A19DE5F94A}.Debug|x86.Build.0 = Debug|Any CPU
		{D1E37FA1-7B93-481D-91EE-03A19DE5F94A}.Release|Any CPU.ActiveCfg = Release|Any CPU
		{D1E37FA1-7B93-481D-91EE-03A19DE5F94A}.Release|Any CPU.Build.0 = Release|Any CPU
		{D1E37FA1-7B93-481D-91EE-03A19DE5F94A}.Release|x64.ActiveCfg = Release|Any CPU
		{D1E37FA1-7B93-481D-91EE-03A19DE5F94A}.Release|x64.Build.0 = Release|Any CPU
		{D1E37FA1-7B93-481D-91EE-03A19DE5F94A}.Release|x86.ActiveCfg = Release|Any CPU
		{D1E37FA1-7B93-481D-91EE-03A19DE5F94A}.Release|x86.Build.0 = Release|Any CPU
		{500A5D8F-9C6D-474B-9C4F-2D4E2D9F72C8}.Debug|Any CPU.ActiveCfg = Debug|Any CPU
		{500A5D8F-9C6D-474B-9C4F-2D4E2D9F72C8}.Debug|Any CPU.Build.0 = Debug|Any CPU
		{500A5D8F-9C6D-474B-9C4F-2D4E2D9F72C8}.Debug|x64.ActiveCfg = Debug|Any CPU
		{500A5D8F-9C6D-474B-9C4F-2D4E2D9F72C8}.Debug|x64.Build.0 = Debug|Any CPU
		{500A5D8F-9C6D-474B-9C4F-2D4E2D9F72C8}.Debug|x86.ActiveCfg = Debug|Any CPU
		{500A5D8F-9C6D-474B-9C4F-2D4E2D9F72C8}.Debug|x86.Build.0 = Debug|Any CPU
		{500A5D8F-9C6D-474B-9C4F-2D4E2D9F72C8}.Release|Any CPU.ActiveCfg = Release|Any CPU
		{500A5D8F-9C6D-474B-9C4F-2D4E2D9F72C8}.Release|Any CPU.Build.0 = Release|Any CPU
		{500A5D8F-9C6D-474B-9C4F-2D4E2D9F72C8}.Release|x64.ActiveCfg = Release|Any CPU
		{500A5D8F-9C6D-474B-9C4F-2D4E2D9F72C8}.Release|x64.Build.0 = Release|Any CPU
		{500A5D8F-9C6D-474B-9C4F-2D4E2D9F72C8}.Release|x86.ActiveCfg = Release|Any CPU
		{500A5D8F-9C6D-474B-9C4F-2D4E2D9F72C8}.Release|x86.Build.0 = Release|Any CPU
		{6498B3BB-1906-45CA-BB3C-CBF3FED55A6B}.Debug|Any CPU.ActiveCfg = Debug|Any CPU
		{6498B3BB-1906-45CA-BB3C-CBF3FED55A6B}.Debug|Any CPU.Build.0 = Debug|Any CPU
		{6498B3BB-1906-45CA-BB3C-CBF3FED55A6B}.Debug|x64.ActiveCfg = Debug|Any CPU
		{6498B3BB-1906-45CA-BB3C-CBF3FED55A6B}.Debug|x64.Build.0 = Debug|Any CPU
		{6498B3BB-1906-45CA-BB3C-CBF3FED55A6B}.Debug|x86.ActiveCfg = Debug|Any CPU
		{6498B3BB-1906-45CA-BB3C-CBF3FED55A6B}.Debug|x86.Build.0 = Debug|Any CPU
		{6498B3BB-1906-45CA-BB3C-CBF3FED55A6B}.Release|Any CPU.ActiveCfg = Release|Any CPU
		{6498B3BB-1906-45CA-BB3C-CBF3FED55A6B}.Release|Any CPU.Build.0 = Release|Any CPU
		{6498B3BB-1906-45CA-BB3C-CBF3FED55A6B}.Release|x64.ActiveCfg = Release|Any CPU
		{6498B3BB-1906-45CA-BB3C-CBF3FED55A6B}.Release|x64.Build.0 = Release|Any CPU
		{6498B3BB-1906-45CA-BB3C-CBF3FED55A6B}.Release|x86.ActiveCfg = Release|Any CPU
		{6498B3BB-1906-45CA-BB3C-CBF3FED55A6B}.Release|x86.Build.0 = Release|Any CPU
	EndGlobalSection
	GlobalSection(SolutionProperties) = preSolution
		HideSolutionNode = FALSE
	EndGlobalSection
	GlobalSection(ExtensibilityGlobals) = postSolution
		SolutionGuid = {640B848B-52A1-401B-B1C3-AE61D1214619}
	EndGlobalSection
EndGlobal
